
Microsoft Visual Studio Solution File, Format Version 12.00
# Visual Studio Version 17
VisualStudioVersion = 17.11.35327.3
MinimumVisualStudioVersion = 10.0.40219.1
Project("{FAE04EC0-301F-11D3-BF4B-00C04F79EFBC}") = "Ödev-Soru7", "Ödev-Soru7.csproj", "{12B8EFC9-8BCD-498D-A249-489B9BB17C19}"
EndProject
Global
	GlobalSection(SolutionConfigurationPlatforms) = preSolution
		Debug|Any CPU = Debug|Any CPU
		Release|Any CPU = Release|Any CPU
	EndGlobalSection
	GlobalSection(ProjectConfigurationPlatforms) = postSolution
		{12B8EFC9-8BCD-498D-A249-489B9BB17C19}.Debug|Any CPU.ActiveCfg = Debug|Any CPU
		{12B8EFC9-8BCD-498D-A249-489B9BB17C19}.Debug|Any CPU.Build.0 = Debug|Any CPU
		{12B8EFC9-8BCD-498D-A249-489B9BB17C19}.Release|Any CPU.ActiveCfg = Release|Any CPU
		{12B8EFC9-8BCD-498D-A249-489B9BB17C19}.Release|Any CPU.Build.0 = Release|Any CPU
	EndGlobalSection
	GlobalSection(SolutionProperties) = preSolution
		HideSolutionNode = FALSE
	EndGlobalSection
	GlobalSection(ExtensibilityGlobals) = postSolution
		SolutionGuid = {D977A204-079D-419E-A539-07D47352AD7B}
	EndGlobalSection
EndGlobal
